{
  "nodes": {
    "nixpkgs": {
      "locked": {
        "lastModified": 1668071235,
        "narHash": "sha256-Ytti8+m8NBVq1Z6gD/RjaZ1N1uqU1jlXcSC7cbczSLI=",
        "owner": "NixOS",
        "repo": "nixpkgs",
        "rev": "7f52c75ad487612b5ac16f7e77cef12b6198f37f",
        "type": "github"
      },
      "original": {
        "owner": "NixOS",
        "ref": "master",
        "repo": "nixpkgs",
        "type": "github"
      }
    },
    "root": {
      "inputs": {
        "nixpkgs": "nixpkgs",
        "utils": "utils"
      }
    },
    "utils": {
      "locked": {
        "lastModified": 1667395993,
        "narHash": "sha256-nuEHfE/LcWyuSWnS8t12N1wc105Qtau+/OdUAjtQ0rA=",
        "owner": "numtide",
        "repo": "flake-utils",
        "rev": "5aed5285a952e0b949eb3ba02c12fa4fcfef535f",
        "type": "github"
      },
      "original": {
        "owner": "numtide",
        "repo": "flake-utils",
        "type": "github"
      }
    }
  },
  "root": "root",
  "version": 7
}
